<?xml version="1.0" encoding="utf-8"?>
<Project ToolsVersion="4.0" xmlns="http://schemas.microsoft.com/developer/msbuild/2003">
  <ItemGroup>
    <Filter Include="src">
      <UniqueIdentifier>{15b9b2c6-a84e-46d5-86da-40f580b727a4}</UniqueIdentifier>
    </Filter>
  </ItemGroup>
  <ItemGroup>
    <ClCompile Include="..\..\src\disasm.c">
      <Filter>src</Filter>
    </ClCompile>
    <ClCompile Include="..\..\src\disp8.c">
      <Filter>src</Filter>
    </ClCompile>
    <ClCompile Include="..\..\src\iflag.c">
      <Filter>src</Filter>
    </ClCompile>
    <ClCompile Include="..\..\src\insnsb.c">
      <Filter>src</Filter>
    </ClCompile>
    <ClCompile Include="..\..\src\insnsd.c">
      <Filter>src</Filter>
    </ClCompile>
    <ClCompile Include="..\..\src\insnsn.c">
      <Filter>src</Filter>
    </ClCompile>
    <ClCompile Include="..\..\src\nasmlib.c">
      <Filter>src</Filter>
    </ClCompile>
    <ClCompile Include="..\..\src\ndisasm.c">
      <Filter>src</Filter>
    </ClCompile>
    <ClCompile Include="..\..\src\regdis.c">
      <Filter>src</Filter>
    </ClCompile>
    <ClCompile Include="..\..\src\regs.c">
      <Filter>src</Filter>
    </ClCompile>
    <ClCompile Include="..\..\src\sync.c">
      <Filter>src</Filter>
    </ClCompile>
    <ClCompile Include="..\..\src\ver.c">
      <Filter>src</Filter>
    </ClCompile>
  </ItemGroup>
  <ItemGroup>
    <ClInclude Include="..\..\src\disasm.h">
      <Filter>src</Filter>
    </ClInclude>
    <ClInclude Include="..\..\src\disp8.h">
      <Filter>src</Filter>
    </ClInclude>
    <ClInclude Include="..\..\src\iflag.h">
      <Filter>src</Filter>
    </ClInclude>
    <ClInclude Include="..\..\src\insns.h">
      <Filter>src</Filter>
    </ClInclude>
    <ClInclude Include="..\..\src\nasmlib.h">
      <Filter>src</Filter>
    </ClInclude>
    <ClInclude Include="..\..\src\regdis.h">
      <Filter>src</Filter>
    </ClInclude>
    <ClInclude Include="..\..\src\regs.h">
      <Filter>src</Filter>
    </ClInclude>
    <ClInclude Include="..\..\src\sync.h">
      <Filter>src</Filter>
    </ClInclude>
    <ClInclude Include="..\..\src\version.h">
      <Filter>src</Filter>
    </ClInclude>
  </ItemGroup>
</Project>