<?xml version="1.0" encoding="utf-8"?>
<Project ToolsVersion="4.0" xmlns="http://schemas.microsoft.com/developer/msbuild/2003">
  <ItemGroup>
    <Filter Include="src">
      <UniqueIdentifier>{308f3931-80f0-44d7-a25d-f2cf8cc52541}</UniqueIdentifier>
    </Filter>
    <Filter Include="include">
      <UniqueIdentifier>{86605564-fb45-4cb8-b20d-d3eb66135fdc}</UniqueIdentifier>
    </Filter>
    <Filter Include="wapper_src">
      <UniqueIdentifier>{a7065cac-5340-4359-ae07-f8377dbd48df}</UniqueIdentifier>
    </Filter>
    <Filter Include="src\output">
      <UniqueIdentifier>{3516e541-fe45-4cb6-a8c7-19ef4038c79d}</UniqueIdentifier>
    </Filter>
    <Filter Include="src\lib">
      <UniqueIdentifier>{ac010d95-1a33-4ed7-8e1c-a793e5227d83}</UniqueIdentifier>
    </Filter>
  </ItemGroup>
  <ItemGroup>
    <ClInclude Include="..\..\nasmlib\include\nasmlib.h">
      <Filter>include</Filter>
    </ClInclude>
    <ClInclude Include="..\..\src\version.h">
      <Filter>src</Filter>
    </ClInclude>
    <ClInclude Include="..\..\src\assemble.h">
      <Filter>src</Filter>
    </ClInclude>
    <ClInclude Include="..\..\src\compiler.h">
      <Filter>src</Filter>
    </ClInclude>
    <ClInclude Include="..\..\src\directiv.h">
      <Filter>src</Filter>
    </ClInclude>
    <ClInclude Include="..\..\src\disp8.h">
      <Filter>src</Filter>
    </ClInclude>
    <ClInclude Include="..\..\src\eval.h">
      <Filter>src</Filter>
    </ClInclude>
    <ClInclude Include="..\..\src\float.h">
      <Filter>src</Filter>
    </ClInclude>
    <ClInclude Include="..\..\src\hashtbl.h">
      <Filter>src</Filter>
    </ClInclude>
    <ClInclude Include="..\..\src\iflag.h">
      <Filter>src</Filter>
    </ClInclude>
    <ClInclude Include="..\..\src\insns.h">
      <Filter>src</Filter>
    </ClInclude>
    <ClInclude Include="..\..\src\labels.h">
      <Filter>src</Filter>
    </ClInclude>
    <ClInclude Include="..\..\src\listing.h">
      <Filter>src</Filter>
    </ClInclude>
    <ClInclude Include="..\..\src\md5.h">
      <Filter>src</Filter>
    </ClInclude>
    <ClInclude Include="..\..\src\nasm.h">
      <Filter>src</Filter>
    </ClInclude>
    <ClInclude Include="..\..\src\nasmlib.h">
      <Filter>src</Filter>
    </ClInclude>
    <ClInclude Include="..\..\src\parser.h">
      <Filter>src</Filter>
    </ClInclude>
    <ClInclude Include="..\..\src\pptok.h">
      <Filter>src</Filter>
    </ClInclude>
    <ClInclude Include="..\..\src\preproc.h">
      <Filter>src</Filter>
    </ClInclude>
    <ClInclude Include="..\..\src\quote.h">
      <Filter>src</Filter>
    </ClInclude>
    <ClInclude Include="..\..\src\raa.h">
      <Filter>src</Filter>
    </ClInclude>
    <ClInclude Include="..\..\src\rbtree.h">
      <Filter>src</Filter>
    </ClInclude>
    <ClInclude Include="..\..\src\saa.h">
      <Filter>src</Filter>
    </ClInclude>
    <ClInclude Include="..\..\src\stdscan.h">
      <Filter>src</Filter>
    </ClInclude>
    <ClInclude Include="..\..\src\tables.h">
      <Filter>src</Filter>
    </ClInclude>
    <ClInclude Include="..\..\src\tokens.h">
      <Filter>src</Filter>
    </ClInclude>
    <ClInclude Include="..\..\src\output\elf.h">
      <Filter>src\output</Filter>
    </ClInclude>
    <ClInclude Include="..\..\src\output\outelf.h">
      <Filter>src\output</Filter>
    </ClInclude>
    <ClInclude Include="..\..\src\output\outform.h">
      <Filter>src\output</Filter>
    </ClInclude>
    <ClInclude Include="..\..\src\output\outlib.h">
      <Filter>src\output</Filter>
    </ClInclude>
    <ClInclude Include="..\..\src\disasm.h">
      <Filter>src</Filter>
    </ClInclude>
  </ItemGroup>
  <ItemGroup>
    <ClCompile Include="..\..\nasmlib\wapper_src\nasmlib.cpp">
      <Filter>wapper_src</Filter>
    </ClCompile>
    <ClCompile Include="..\..\src\assemble.c">
      <Filter>src</Filter>
    </ClCompile>
    <ClCompile Include="..\..\src\crc64.c">
      <Filter>src</Filter>
    </ClCompile>
    <ClCompile Include="..\..\src\directiv.c">
      <Filter>src</Filter>
    </ClCompile>
    <ClCompile Include="..\..\src\disp8.c">
      <Filter>src</Filter>
    </ClCompile>
    <ClCompile Include="..\..\src\eval.c">
      <Filter>src</Filter>
    </ClCompile>
    <ClCompile Include="..\..\src\exprlib.c">
      <Filter>src</Filter>
    </ClCompile>
    <ClCompile Include="..\..\src\float.c">
      <Filter>src</Filter>
    </ClCompile>
    <ClCompile Include="..\..\src\hashtbl.c">
      <Filter>src</Filter>
    </ClCompile>
    <ClCompile Include="..\..\src\iflag.c">
      <Filter>src</Filter>
    </ClCompile>
    <ClCompile Include="..\..\src\ilog2.c">
      <Filter>src</Filter>
    </ClCompile>
    <ClCompile Include="..\..\src\insnsa.c">
      <Filter>src</Filter>
    </ClCompile>
    <ClCompile Include="..\..\src\insnsb.c">
      <Filter>src</Filter>
    </ClCompile>
    <ClCompile Include="..\..\src\labels.c">
      <Filter>src</Filter>
    </ClCompile>
    <ClCompile Include="..\..\src\listing.c">
      <Filter>src</Filter>
    </ClCompile>
    <ClCompile Include="..\..\src\macros.c">
      <Filter>src</Filter>
    </ClCompile>
    <ClCompile Include="..\..\src\md5c.c">
      <Filter>src</Filter>
    </ClCompile>
    <ClCompile Include="..\..\src\nasm.c">
      <Filter>src</Filter>
    </ClCompile>
    <ClCompile Include="..\..\src\nasmlib.c">
      <Filter>src</Filter>
    </ClCompile>
    <ClCompile Include="..\..\src\parser.c">
      <Filter>src</Filter>
    </ClCompile>
    <ClCompile Include="..\..\src\pptok.c">
      <Filter>src</Filter>
    </ClCompile>
    <ClCompile Include="..\..\src\preproc.c">
      <Filter>src</Filter>
    </ClCompile>
    <ClCompile Include="..\..\src\preproc-nop.c">
      <Filter>src</Filter>
    </ClCompile>
    <ClCompile Include="..\..\src\quote.c">
      <Filter>src</Filter>
    </ClCompile>
    <ClCompile Include="..\..\src\raa.c">
      <Filter>src</Filter>
    </ClCompile>
    <ClCompile Include="..\..\src\rbtree.c">
      <Filter>src</Filter>
    </ClCompile>
    <ClCompile Include="..\..\src\realpath.c">
      <Filter>src</Filter>
    </ClCompile>
    <ClCompile Include="..\..\src\regflags.c">
      <Filter>src</Filter>
    </ClCompile>
    <ClCompile Include="..\..\src\regvals.c">
      <Filter>src</Filter>
    </ClCompile>
    <ClCompile Include="..\..\src\saa.c">
      <Filter>src</Filter>
    </ClCompile>
    <ClCompile Include="..\..\src\stdscan.c">
      <Filter>src</Filter>
    </ClCompile>
    <ClCompile Include="..\..\src\strfunc.c">
      <Filter>src</Filter>
    </ClCompile>
    <ClCompile Include="..\..\src\tokhash.c">
      <Filter>src</Filter>
    </ClCompile>
    <ClCompile Include="..\..\src\ver.c">
      <Filter>src</Filter>
    </ClCompile>
    <ClCompile Include="..\..\src\output\codeview.c">
      <Filter>src\output</Filter>
    </ClCompile>
    <ClCompile Include="..\..\src\output\nulldbg.c">
      <Filter>src\output</Filter>
    </ClCompile>
    <ClCompile Include="..\..\src\output\nullout.c">
      <Filter>src\output</Filter>
    </ClCompile>
    <ClCompile Include="..\..\src\output\outaout.c">
      <Filter>src\output</Filter>
    </ClCompile>
    <ClCompile Include="..\..\src\output\outas86.c">
      <Filter>src\output</Filter>
    </ClCompile>
    <ClCompile Include="..\..\src\output\outbin.c">
      <Filter>src\output</Filter>
    </ClCompile>
    <ClCompile Include="..\..\src\output\outcoff.c">
      <Filter>src\output</Filter>
    </ClCompile>
    <ClCompile Include="..\..\src\output\outdbg.c">
      <Filter>src\output</Filter>
    </ClCompile>
    <ClCompile Include="..\..\src\output\outelf.c">
      <Filter>src\output</Filter>
    </ClCompile>
    <ClCompile Include="..\..\src\output\outelf32.c">
      <Filter>src\output</Filter>
    </ClCompile>
    <ClCompile Include="..\..\src\output\outelf64.c">
      <Filter>src\output</Filter>
    </ClCompile>
    <ClCompile Include="..\..\src\output\outelfx32.c">
      <Filter>src\output</Filter>
    </ClCompile>
    <ClCompile Include="..\..\src\output\outform.c">
      <Filter>src\output</Filter>
    </ClCompile>
    <ClCompile Include="..\..\src\output\outieee.c">
      <Filter>src\output</Filter>
    </ClCompile>
    <ClCompile Include="..\..\src\output\outlib.c">
      <Filter>src\output</Filter>
    </ClCompile>
    <ClCompile Include="..\..\src\output\outmacho.c">
      <Filter>src\output</Filter>
    </ClCompile>
    <ClCompile Include="..\..\src\output\outobj.c">
      <Filter>src\output</Filter>
    </ClCompile>
    <ClCompile Include="..\..\src\output\outrdf2.c">
      <Filter>src\output</Filter>
    </ClCompile>
    <ClCompile Include="..\..\src\lib\strlcpy.c">
      <Filter>src\lib</Filter>
    </ClCompile>
    <ClCompile Include="..\..\src\disasm.c">
      <Filter>src</Filter>
    </ClCompile>
  </ItemGroup>
</Project>