<?xml version="1.0" encoding="utf-8"?>
<Project ToolsVersion="4.0" xmlns="http://schemas.microsoft.com/developer/msbuild/2003">
  <ItemGroup>
    <Filter Include="src">
      <UniqueIdentifier>{92464d77-5fd0-469b-8a74-dcf1c597959e}</UniqueIdentifier>
    </Filter>
    <Filter Include="src\output">
      <UniqueIdentifier>{f9c1df19-765d-4932-a86a-69c6800b5e98}</UniqueIdentifier>
    </Filter>
    <Filter Include="src\lib">
      <UniqueIdentifier>{f0307020-c90e-4a4a-b8bf-fed77e60c706}</UniqueIdentifier>
    </Filter>
  </ItemGroup>
  <ItemGroup>
    <ClCompile Include="..\..\src\output\nulldbg.c">
      <Filter>src\output</Filter>
    </ClCompile>
    <ClCompile Include="..\..\src\output\nullout.c">
      <Filter>src\output</Filter>
    </ClCompile>
    <ClCompile Include="..\..\src\output\outaout.c">
      <Filter>src\output</Filter>
    </ClCompile>
    <ClCompile Include="..\..\src\output\outbin.c">
      <Filter>src\output</Filter>
    </ClCompile>
    <ClCompile Include="..\..\src\output\outcoff.c">
      <Filter>src\output</Filter>
    </ClCompile>
    <ClCompile Include="..\..\src\output\outdbg.c">
      <Filter>src\output</Filter>
    </ClCompile>
    <ClCompile Include="..\..\src\output\outelf.c">
      <Filter>src\output</Filter>
    </ClCompile>
    <ClCompile Include="..\..\src\output\outelf32.c">
      <Filter>src\output</Filter>
    </ClCompile>
    <ClCompile Include="..\..\src\output\outelf64.c">
      <Filter>src\output</Filter>
    </ClCompile>
    <ClCompile Include="..\..\src\output\outelfx32.c">
      <Filter>src\output</Filter>
    </ClCompile>
    <ClCompile Include="..\..\src\output\outform.c">
      <Filter>src\output</Filter>
    </ClCompile>
    <ClCompile Include="..\..\src\output\outieee.c">
      <Filter>src\output</Filter>
    </ClCompile>
    <ClCompile Include="..\..\src\output\outlib.c">
      <Filter>src\output</Filter>
    </ClCompile>
    <ClCompile Include="..\..\src\output\outmacho.c">
      <Filter>src\output</Filter>
    </ClCompile>
    <ClCompile Include="..\..\src\output\outobj.c">
      <Filter>src\output</Filter>
    </ClCompile>
    <ClCompile Include="..\..\src\output\codeview.c">
      <Filter>src\output</Filter>
    </ClCompile>
    <ClCompile Include="..\..\src\lib\strlcpy.c">
      <Filter>src\lib</Filter>
    </ClCompile>
    <ClCompile Include="..\..\src\output\outas86.c">
      <Filter>src\output</Filter>
    </ClCompile>
    <ClCompile Include="..\..\src\output\outrdf2.c">
      <Filter>src\output</Filter>
    </ClCompile>
    <ClCompile Include="..\..\src\assemble.c">
      <Filter>src</Filter>
    </ClCompile>
    <ClCompile Include="..\..\src\crc64.c">
      <Filter>src</Filter>
    </ClCompile>
    <ClCompile Include="..\..\src\directiv.c">
      <Filter>src</Filter>
    </ClCompile>
    <ClCompile Include="..\..\src\disp8.c">
      <Filter>src</Filter>
    </ClCompile>
    <ClCompile Include="..\..\src\eval.c">
      <Filter>src</Filter>
    </ClCompile>
    <ClCompile Include="..\..\src\exprlib.c">
      <Filter>src</Filter>
    </ClCompile>
    <ClCompile Include="..\..\src\float.c">
      <Filter>src</Filter>
    </ClCompile>
    <ClCompile Include="..\..\src\hashtbl.c">
      <Filter>src</Filter>
    </ClCompile>
    <ClCompile Include="..\..\src\iflag.c">
      <Filter>src</Filter>
    </ClCompile>
    <ClCompile Include="..\..\src\ilog2.c">
      <Filter>src</Filter>
    </ClCompile>
    <ClCompile Include="..\..\src\insnsa.c">
      <Filter>src</Filter>
    </ClCompile>
    <ClCompile Include="..\..\src\insnsb.c">
      <Filter>src</Filter>
    </ClCompile>
    <ClCompile Include="..\..\src\labels.c">
      <Filter>src</Filter>
    </ClCompile>
    <ClCompile Include="..\..\src\listing.c">
      <Filter>src</Filter>
    </ClCompile>
    <ClCompile Include="..\..\src\macros.c">
      <Filter>src</Filter>
    </ClCompile>
    <ClCompile Include="..\..\src\md5c.c">
      <Filter>src</Filter>
    </ClCompile>
    <ClCompile Include="..\..\src\nasm.c">
      <Filter>src</Filter>
    </ClCompile>
    <ClCompile Include="..\..\src\nasmlib.c">
      <Filter>src</Filter>
    </ClCompile>
    <ClCompile Include="..\..\src\parser.c">
      <Filter>src</Filter>
    </ClCompile>
    <ClCompile Include="..\..\src\pptok.c">
      <Filter>src</Filter>
    </ClCompile>
    <ClCompile Include="..\..\src\preproc.c">
      <Filter>src</Filter>
    </ClCompile>
    <ClCompile Include="..\..\src\preproc-nop.c">
      <Filter>src</Filter>
    </ClCompile>
    <ClCompile Include="..\..\src\quote.c">
      <Filter>src</Filter>
    </ClCompile>
    <ClCompile Include="..\..\src\raa.c">
      <Filter>src</Filter>
    </ClCompile>
    <ClCompile Include="..\..\src\rbtree.c">
      <Filter>src</Filter>
    </ClCompile>
    <ClCompile Include="..\..\src\realpath.c">
      <Filter>src</Filter>
    </ClCompile>
    <ClCompile Include="..\..\src\regflags.c">
      <Filter>src</Filter>
    </ClCompile>
    <ClCompile Include="..\..\src\regvals.c">
      <Filter>src</Filter>
    </ClCompile>
    <ClCompile Include="..\..\src\saa.c">
      <Filter>src</Filter>
    </ClCompile>
    <ClCompile Include="..\..\src\stdscan.c">
      <Filter>src</Filter>
    </ClCompile>
    <ClCompile Include="..\..\src\strfunc.c">
      <Filter>src</Filter>
    </ClCompile>
    <ClCompile Include="..\..\src\tokhash.c">
      <Filter>src</Filter>
    </ClCompile>
    <ClCompile Include="..\..\src\ver.c">
      <Filter>src</Filter>
    </ClCompile>
  </ItemGroup>
  <ItemGroup>
    <ClInclude Include="..\..\src\output\elf.h">
      <Filter>src\output</Filter>
    </ClInclude>
    <ClInclude Include="..\..\src\output\outelf.h">
      <Filter>src\output</Filter>
    </ClInclude>
    <ClInclude Include="..\..\src\output\outform.h">
      <Filter>src\output</Filter>
    </ClInclude>
    <ClInclude Include="..\..\src\output\outlib.h">
      <Filter>src\output</Filter>
    </ClInclude>
    <ClInclude Include="..\..\src\version.h">
      <Filter>src</Filter>
    </ClInclude>
    <ClInclude Include="..\..\src\assemble.h">
      <Filter>src</Filter>
    </ClInclude>
    <ClInclude Include="..\..\src\compiler.h">
      <Filter>src</Filter>
    </ClInclude>
    <ClInclude Include="..\..\src\directiv.h">
      <Filter>src</Filter>
    </ClInclude>
    <ClInclude Include="..\..\src\disp8.h">
      <Filter>src</Filter>
    </ClInclude>
    <ClInclude Include="..\..\src\eval.h">
      <Filter>src</Filter>
    </ClInclude>
    <ClInclude Include="..\..\src\float.h">
      <Filter>src</Filter>
    </ClInclude>
    <ClInclude Include="..\..\src\hashtbl.h">
      <Filter>src</Filter>
    </ClInclude>
    <ClInclude Include="..\..\src\iflag.h">
      <Filter>src</Filter>
    </ClInclude>
    <ClInclude Include="..\..\src\insns.h">
      <Filter>src</Filter>
    </ClInclude>
    <ClInclude Include="..\..\src\labels.h">
      <Filter>src</Filter>
    </ClInclude>
    <ClInclude Include="..\..\src\listing.h">
      <Filter>src</Filter>
    </ClInclude>
    <ClInclude Include="..\..\src\md5.h">
      <Filter>src</Filter>
    </ClInclude>
    <ClInclude Include="..\..\src\nasm.h">
      <Filter>src</Filter>
    </ClInclude>
    <ClInclude Include="..\..\src\nasmlib.h">
      <Filter>src</Filter>
    </ClInclude>
    <ClInclude Include="..\..\src\parser.h">
      <Filter>src</Filter>
    </ClInclude>
    <ClInclude Include="..\..\src\pptok.h">
      <Filter>src</Filter>
    </ClInclude>
    <ClInclude Include="..\..\src\preproc.h">
      <Filter>src</Filter>
    </ClInclude>
    <ClInclude Include="..\..\src\quote.h">
      <Filter>src</Filter>
    </ClInclude>
    <ClInclude Include="..\..\src\raa.h">
      <Filter>src</Filter>
    </ClInclude>
    <ClInclude Include="..\..\src\rbtree.h">
      <Filter>src</Filter>
    </ClInclude>
    <ClInclude Include="..\..\src\saa.h">
      <Filter>src</Filter>
    </ClInclude>
    <ClInclude Include="..\..\src\stdscan.h">
      <Filter>src</Filter>
    </ClInclude>
    <ClInclude Include="..\..\src\tables.h">
      <Filter>src</Filter>
    </ClInclude>
    <ClInclude Include="..\..\src\tokens.h">
      <Filter>src</Filter>
    </ClInclude>
  </ItemGroup>
</Project>